// !$*UTF8*$!
{
	archiveVersion = 1;
	classes = {
	};
	objectVersion = 56;
	objects = {

/* Begin PBXBuildFile section */
		49BDBA642C64DBAA00B3EFD3 /* ReelsApp.swift in Sources */ = {isa = PBXBuildFile; fileRef = 49BDBA632C64DBAA00B3EFD3 /* ReelsApp.swift */; };
		49BDBA662C64DBAA00B3EFD3 /* ContentView.swift in Sources */ = {isa = PBXBuildFile; fileRef = 49BDBA652C64DBAA00B3EFD3 /* ContentView.swift */; };
		49BDBA682C64DBAC00B3EFD3 /* Assets.xcassets in Resources */ = {isa = PBXBuildFile; fileRef = 49BDBA672C64DBAC00B3EFD3 /* Assets.xcassets */; };
		49BDBA6B2C64DBAC00B3EFD3 /* Preview Assets.xcassets in Resources */ = {isa = PBXBuildFile; fileRef = 49BDBA6A2C64DBAC00B3EFD3 /* Preview Assets.xcassets */; };
		49BDBA762C64DC0800B3EFD3 /* Reel.swift in Sources */ = {isa = PBXBuildFile; fileRef = 49BDBA752C64DC0800B3EFD3 /* Reel.swift */; };
		49BDBA7C2C654AAE00B3EFD3 /* Like.swift in Sources */ = {isa = PBXBuildFile; fileRef = 49BDBA7B2C654AAE00B3EFD3 /* Like.swift */; };
		49BDBA7E2C654B1A00B3EFD3 /* Home.swift in Sources */ = {isa = PBXBuildFile; fileRef = 49BDBA7D2C654B1A00B3EFD3 /* Home.swift */; };
		49BDBA802C655B4200B3EFD3 /* ReelView.swift in Sources */ = {isa = PBXBuildFile; fileRef = 49BDBA7F2C655B4200B3EFD3 /* ReelView.swift */; };
		49BDBA822C655B9200B3EFD3 /* CustomVideoPlayer.swift in Sources */ = {isa = PBXBuildFile; fileRef = 49BDBA812C655B9200B3EFD3 /* CustomVideoPlayer.swift */; };
/* End PBXBuildFile section */

/* Begin PBXFileReference section */
		49BDBA602C64DBAA00B3EFD3 /* Reels.app */ = {isa = PBXFileReference; explicitFileType = wrapper.application; includeInIndex = 0; path = Reels.app; sourceTree = BUILT_PRODUCTS_DIR; };
		49BDBA632C64DBAA00B3EFD3 /* ReelsApp.swift */ = {isa = PBXFileReference; lastKnownFileType = sourcecode.swift; path = ReelsApp.swift; sourceTree = "<group>"; };
		49BDBA652C64DBAA00B3EFD3 /* ContentView.swift */ = {isa = PBXFileReference; lastKnownFileType = sourcecode.swift; path = ContentView.swift; sourceTree = "<group>"; };
		49BDBA672C64DBAC00B3EFD3 /* Assets.xcassets */ = {isa = PBXFileReference; lastKnownFileType = folder.assetcatalog; path = Assets.xcassets; sourceTree = "<group>"; };
		49BDBA6A2C64DBAC00B3EFD3 /* Preview Assets.xcassets */ = {isa = PBXFileReference; lastKnownFileType = folder.assetcatalog; path = "Preview Assets.xcassets"; sourceTree = "<group>"; };
		49BDBA752C64DC0800B3EFD3 /* Reel.swift */ = {isa = PBXFileReference; lastKnownFileType = sourcecode.swift; path = Reel.swift; sourceTree = "<group>"; };
		49BDBA782C65457A00B3EFD3 /* Reel 1.mp4 */ = {isa = PBXFileReference; lastKnownFileType = file; path = "Reel 1.mp4"; sourceTree = "<group>"; };
		49BDBA792C65457A00B3EFD3 /* Reel 2.mp4 */ = {isa = PBXFileReference; lastKnownFileType = file; path = "Reel 2.mp4"; sourceTree = "<group>"; };
		49BDBA7A2C65457A00B3EFD3 /* Reel 3.mp4 */ = {isa = PBXFileReference; lastKnownFileType = file; path = "Reel 3.mp4"; sourceTree = "<group>"; };
		49BDBA7B2C654AAE00B3EFD3 /* Like.swift */ = {isa = PBXFileReference; lastKnownFileType = sourcecode.swift; path = Like.swift; sourceTree = "<group>"; };
		49BDBA7D2C654B1A00B3EFD3 /* Home.swift */ = {isa = PBXFileReference; lastKnownFileType = sourcecode.swift; path = Home.swift; sourceTree = "<group>"; };
		49BDBA7F2C655B4200B3EFD3 /* ReelView.swift */ = {isa = PBXFileReference; lastKnownFileType = sourcecode.swift; path = ReelView.swift; sourceTree = "<group>"; };
		49BDBA812C655B9200B3EFD3 /* CustomVideoPlayer.swift */ = {isa = PBXFileReference; lastKnownFileType = sourcecode.swift; path = CustomVideoPlayer.swift; sourceTree = "<group>"; };
/* End PBXFileReference section */

/* Begin PBXFrameworksBuildPhase section */
		49BDBA5D2C64DBAA00B3EFD3 /* Frameworks */ = {
			isa = PBXFrameworksBuildPhase;
			buildActionMask = 2147483647;
			files = (
			);
			runOnlyForDeploymentPostprocessing = 0;
		};
/* End PBXFrameworksBuildPhase section */

/* Begin PBXGroup section */
		49BDBA572C64DBAA00B3EFD3 = {
			isa = PBXGroup;
			children = (
				49BDBA622C64DBAA00B3EFD3 /* Videos */,
				49BDBA612C64DBAA00B3EFD3 /* Products */,
			);
			sourceTree = "<group>";
		};
		49BDBA612C64DBAA00B3EFD3 /* Products */ = {
			isa = PBXGroup;
			children = (
				49BDBA602C64DBAA00B3EFD3 /* Reels.app */,
			);
			name = Products;
			sourceTree = "<group>";
		};
		49BDBA622C64DBAA00B3EFD3 /* Videos */ = {
			isa = PBXGroup;
			children = (
				49BDBA782C65457A00B3EFD3 /* Reel 1.mp4 */,
				49BDBA7A2C65457A00B3EFD3 /* Reel 3.mp4 */,
				49BDBA792C65457A00B3EFD3 /* Reel 2.mp4 */,
				49BDBA712C64DBCB00B3EFD3 /* View */,
				49BDBA722C64DBD600B3EFD3 /* Model */,
				49BDBA632C64DBAA00B3EFD3 /* ReelsApp.swift */,
				49BDBA652C64DBAA00B3EFD3 /* ContentView.swift */,
				49BDBA672C64DBAC00B3EFD3 /* Assets.xcassets */,
				49BDBA692C64DBAC00B3EFD3 /* Preview Content */,
			);
			path = Videos;
			sourceTree = "<group>";
		};
		49BDBA692C64DBAC00B3EFD3 /* Preview Content */ = {
			isa = PBXGroup;
			children = (
				49BDBA6A2C64DBAC00B3EFD3 /* Preview Assets.xcassets */,
			);
			path = "Preview Content";
			sourceTree = "<group>";
		};
		49BDBA712C64DBCB00B3EFD3 /* View */ = {
			isa = PBXGroup;
			children = (
				49BDBA7D2C654B1A00B3EFD3 /* Home.swift */,
				49BDBA7F2C655B4200B3EFD3 /* ReelView.swift */,
				49BDBA812C655B9200B3EFD3 /* CustomVideoPlayer.swift */,
			);
			path = View;
			sourceTree = "<group>";
		};
		49BDBA722C64DBD600B3EFD3 /* Model */ = {
			isa = PBXGroup;
			children = (
				49BDBA752C64DC0800B3EFD3 /* Reel.swift */,
				49BDBA7B2C654AAE00B3EFD3 /* Like.swift */,
			);
			path = Model;
			sourceTree = "<group>";
		};
/* End PBXGroup section */

/* Begin PBXNativeTarget section */
		49BDBA5F2C64DBAA00B3EFD3 /* Reels */ = {
			isa = PBXNativeTarget;
			buildConfigurationList = 49BDBA6E2C64DBAC00B3EFD3 /* Build configuration list for PBXNativeTarget "Reels" */;
			buildPhases = (
				49BDBA5C2C64DBAA00B3EFD3 /* Sources */,
				49BDBA5D2C64DBAA00B3EFD3 /* Frameworks */,
				49BDBA5E2C64DBAA00B3EFD3 /* Resources */,
			);
			buildRules = (
			);
			dependencies = (
			);
			name = Reels;
			productName = Reels;
			productReference = 49BDBA602C64DBAA00B3EFD3 /* Reels.app */;
			productType = "com.apple.product-type.application";
		};
/* End PBXNativeTarget section */

/* Begin PBXProject section */
		49BDBA582C64DBAA00B3EFD3 /* Project object */ = {
			isa = PBXProject;
			attributes = {
				BuildIndependentTargetsInParallel = 1;
				LastSwiftUpdateCheck = 1540;
				LastUpgradeCheck = 1540;
				TargetAttributes = {
					49BDBA5F2C64DBAA00B3EFD3 = {
						CreatedOnToolsVersion = 15.4;
					};
				};
			};
			buildConfigurationList = 49BDBA5B2C64DBAA00B3EFD3 /* Build configuration list for PBXProject "Reels" */;
			compatibilityVersion = "Xcode 14.0";
			developmentRegion = en;
			hasScannedForEncodings = 0;
			knownRegions = (
				en,
				Base,
			);
			mainGroup = 49BDBA572C64DBAA00B3EFD3;
			productRefGroup = 49BDBA612C64DBAA00B3EFD3 /* Products */;
			projectDirPath = "";
			projectRoot = "";
			targets = (
				49BDBA5F2C64DBAA00B3EFD3 /* Reels */,
			);
		};
/* End PBXProject section */

/* Begin PBXResourcesBuildPhase section */
		49BDBA5E2C64DBAA00B3EFD3 /* Resources */ = {
			isa = PBXResourcesBuildPhase;
			buildActionMask = 2147483647;
			files = (
				49BDBA6B2C64DBAC00B3EFD3 /* Preview Assets.xcassets in Resources */,
				49BDBA682C64DBAC00B3EFD3 /* Assets.xcassets in Resources */,
			);
			runOnlyForDeploymentPostprocessing = 0;
		};
/* End PBXResourcesBuildPhase section */

/* Begin PBXSourcesBuildPhase section */
		49BDBA5C2C64DBAA00B3EFD3 /* Sources */ = {
			isa = PBXSourcesBuildPhase;
			buildActionMask = 2147483647;
			files = (
				49BDBA822C655B9200B3EFD3 /* CustomVideoPlayer.swift in Sources */,
				49BDBA802C655B4200B3EFD3 /* ReelView.swift in Sources */,
				49BDBA662C64DBAA00B3EFD3 /* ContentView.swift in Sources */,
				49BDBA762C64DC0800B3EFD3 /* Reel.swift in Sources */,
				49BDBA7E2C654B1A00B3EFD3 /* Home.swift in Sources */,
				49BDBA7C2C654AAE00B3EFD3 /* Like.swift in Sources */,
				49BDBA642C64DBAA00B3EFD3 /* ReelsApp.swift in Sources */,
			);
			runOnlyForDeploymentPostprocessing = 0;
		};
/* End PBXSourcesBuildPhase section */

/* Begin XCBuildConfiguration section */
		49BDBA6C2C64DBAC00B3EFD3 /* Debug */ = {
			isa = XCBuildConfiguration;
			buildSettings = {
				ALWAYS_SEARCH_USER_PATHS = NO;
				ASSETCATALOG_COMPILER_GENERATE_SWIFT_ASSET_SYMBOL_EXTENSIONS = YES;
				CLANG_ANALYZER_NONNULL = YES;
				CLANG_ANALYZER_NUMBER_OBJECT_CONVERSION = YES_AGGRESSIVE;
				CLANG_CXX_LANGUAGE_STANDARD = "gnu++20";
				CLANG_ENABLE_MODULES = YES;
				CLANG_ENABLE_OBJC_ARC = YES;
				CLANG_ENABLE_OBJC_WEAK = YES;
				CLANG_WARN_BLOCK_CAPTURE_AUTORELEASING = YES;
				CLANG_WARN_BOOL_CONVERSION = YES;
				CLANG_WARN_COMMA = YES;
				CLANG_WARN_CONSTANT_CONVERSION = YES;
				CLANG_WARN_DEPRECATED_OBJC_IMPLEMENTATIONS = YES;
				CLANG_WARN_DIRECT_OBJC_ISA_USAGE = YES_ERROR;
				CLANG_WARN_DOCUMENTATION_COMMENTS = YES;
				CLANG_WARN_EMPTY_BODY = YES;
				CLANG_WARN_ENUM_CONVERSION = YES;
				CLANG_WARN_INFINITE_RECURSION = YES;
				CLANG_WARN_INT_CONVERSION = YES;
				CLANG_WARN_NON_LITERAL_NULL_CONVERSION = YES;
				CLANG_WARN_OBJC_IMPLICIT_RETAIN_SELF = YES;
				CLANG_WARN_OBJC_LITERAL_CONVERSION = YES;
				CLANG_WARN_OBJC_ROOT_CLASS = YES_ERROR;
				CLANG_WARN_QUOTED_INCLUDE_IN_FRAMEWORK_HEADER = YES;
				CLANG_WARN_RANGE_LOOP_ANALYSIS = YES;
				CLANG_WARN_STRICT_PROTOTYPES = YES;
				CLANG_WARN_SUSPICIOUS_MOVE = YES;
				CLANG_WARN_UNGUARDED_AVAILABILITY = YES_AGGRESSIVE;
				CLANG_WARN_UNREACHABLE_CODE = YES;
				CLANG_WARN__DUPLICATE_METHOD_MATCH = YES;
				COPY_PHASE_STRIP = NO;
				DEBUG_INFORMATION_FORMAT = dwarf;
				ENABLE_STRICT_OBJC_MSGSEND = YES;
				ENABLE_TESTABILITY = YES;
				ENABLE_USER_SCRIPT_SANDBOXING = YES;
				GCC_C_LANGUAGE_STANDARD = gnu17;
				GCC_DYNAMIC_NO_PIC = NO;
				GCC_NO_COMMON_BLOCKS = YES;
				GCC_OPTIMIZATION_LEVEL = 0;
				GCC_PREPROCESSOR_DEFINITIONS = (
					"DEBUG=1",
					"$(inherited)",
				);
				GCC_WARN_64_TO_32_BIT_CONVERSION = YES;
				GCC_WARN_ABOUT_RETURN_TYPE = YES_ERROR;
				GCC_WARN_UNDECLARED_SELECTOR = YES;
				GCC_WARN_UNINITIALIZED_AUTOS = YES_AGGRESSIVE;
				GCC_WARN_UNUSED_FUNCTION = YES;
				GCC_WARN_UNUSED_VARIABLE = YES;
				IPHONEOS_DEPLOYMENT_TARGET = 17.5;
				LOCALIZATION_PREFERS_STRING_CATALOGS = YES;
				MTL_ENABLE_DEBUG_INFO = INCLUDE_SOURCE;
				MTL_FAST_MATH = YES;
				ONLY_ACTIVE_ARCH = YES;
				SDKROOT = iphoneos;
				SWIFT_ACTIVE_COMPILATION_CONDITIONS = "DEBUG $(inherited)";
				SWIFT_OPTIMIZATION_LEVEL = "-Onone";
			};
			name = Debug;
		};
		49BDBA6D2C64DBAC00B3EFD3 /* Release */ = {
			isa = XCBuildConfiguration;
			buildSettings = {
				ALWAYS_SEARCH_USER_PATHS = NO;
				ASSETCATALOG_COMPILER_GENERATE_SWIFT_ASSET_SYMBOL_EXTENSIONS = YES;
				CLANG_ANALYZER_NONNULL = YES;
				CLANG_ANALYZER_NUMBER_OBJECT_CONVERSION = YES_AGGRESSIVE;
				CLANG_CXX_LANGUAGE_STANDARD = "gnu++20";
				CLANG_ENABLE_MODULES = YES;
				CLANG_ENABLE_OBJC_ARC = YES;
				CLANG_ENABLE_OBJC_WEAK = YES;
				CLANG_WARN_BLOCK_CAPTURE_AUTORELEASING = YES;
				CLANG_WARN_BOOL_CONVERSION = YES;
				CLANG_WARN_COMMA = YES;
				CLANG_WARN_CONSTANT_CONVERSION = YES;
				CLANG_WARN_DEPRECATED_OBJC_IMPLEMENTATIONS = YES;
				CLANG_WARN_DIRECT_OBJC_ISA_USAGE = YES_ERROR;
				CLANG_WARN_DOCUMENTATION_COMMENTS = YES;
				CLANG_WARN_EMPTY_BODY = YES;
				CLANG_WARN_ENUM_CONVERSION = YES;
				CLANG_WARN_INFINITE_RECURSION = YES;
				CLANG_WARN_INT_CONVERSION = YES;
				CLANG_WARN_NON_LITERAL_NULL_CONVERSION = YES;
				CLANG_WARN_OBJC_IMPLICIT_RETAIN_SELF = YES;
				CLANG_WARN_OBJC_LITERAL_CONVERSION = YES;
				CLANG_WARN_OBJC_ROOT_CLASS = YES_ERROR;
				CLANG_WARN_QUOTED_INCLUDE_IN_FRAMEWORK_HEADER = YES;
				CLANG_WARN_RANGE_LOOP_ANALYSIS = YES;
				CLANG_WARN_STRICT_PROTOTYPES = YES;
				CLANG_WARN_SUSPICIOUS_MOVE = YES;
				CLANG_WARN_UNGUARDED_AVAILABILITY = YES_AGGRESSIVE;
				CLANG_WARN_UNREACHABLE_CODE = YES;
				CLANG_WARN__DUPLICATE_METHOD_MATCH = YES;
				COPY_PHASE_STRIP = NO;
				DEBUG_INFORMATION_FORMAT = "dwarf-with-dsym";
				ENABLE_NS_ASSERTIONS = NO;
				ENABLE_STRICT_OBJC_MSGSEND = YES;
				ENABLE_USER_SCRIPT_SANDBOXING = YES;
				GCC_C_LANGUAGE_STANDARD = gnu17;
				GCC_NO_COMMON_BLOCKS = YES;
				GCC_WARN_64_TO_32_BIT_CONVERSION = YES;
				GCC_WARN_ABOUT_RETURN_TYPE = YES_ERROR;
				GCC_WARN_UNDECLARED_SELECTOR = YES;
				GCC_WARN_UNINITIALIZED_AUTOS = YES_AGGRESSIVE;
				GCC_WARN_UNUSED_FUNCTION = YES;
				GCC_WARN_UNUSED_VARIABLE = YES;
				IPHONEOS_DEPLOYMENT_TARGET = 17.5;
				LOCALIZATION_PREFERS_STRING_CATALOGS = YES;
				MTL_ENABLE_DEBUG_INFO = NO;
				MTL_FAST_MATH = YES;
				SDKROOT = iphoneos;
				SWIFT_COMPILATION_MODE = wholemodule;
				VALIDATE_PRODUCT = YES;
			};
			name = Release;
		};
		49BDBA6F2C64DBAC00B3EFD3 /* Debug */ = {
			isa = XCBuildConfiguration;
			buildSettings = {
				ASSETCATALOG_COMPILER_APPICON_NAME = AppIcon;
				ASSETCATALOG_COMPILER_GLOBAL_ACCENT_COLOR_NAME = AccentColor;
				CODE_SIGN_STYLE = Automatic;
				CURRENT_PROJECT_VERSION = 1;
				DEVELOPMENT_ASSET_PATHS = "\"Reels/Preview Content\"";
				DEVELOPMENT_TEAM = RGU3N4Q8UU;
				ENABLE_PREVIEWS = YES;
				GENERATE_INFOPLIST_FILE = YES;
				INFOPLIST_KEY_UIApplicationSceneManifest_Generation = YES;
				INFOPLIST_KEY_UIApplicationSupportsIndirectInputEvents = YES;
				INFOPLIST_KEY_UILaunchScreen_Generation = YES;
				INFOPLIST_KEY_UISupportedInterfaceOrientations_iPad = "UIInterfaceOrientationPortrait UIInterfaceOrientationPortraitUpsideDown UIInterfaceOrientationLandscapeLeft UIInterfaceOrientationLandscapeRight";
				INFOPLIST_KEY_UISupportedInterfaceOrientations_iPhone = "UIInterfaceOrientationPortrait UIInterfaceOrientationLandscapeLeft UIInterfaceOrientationLandscapeRight";
				LD_RUNPATH_SEARCH_PATHS = (
					"$(inherited)",
					"@executable_path/Frameworks",
				);
				MARKETING_VERSION = 1.0;
				PRODUCT_BUNDLE_IDENTIFIER = none.Reels;
				PRODUCT_NAME = "$(TARGET_NAME)";
				SWIFT_EMIT_LOC_STRINGS = YES;
				SWIFT_VERSION = 5.0;
				TARGETED_DEVICE_FAMILY = "1,2";
			};
			name = Debug;
		};
		49BDBA702C64DBAC00B3EFD3 /* Release */ = {
			isa = XCBuildConfiguration;
			buildSettings = {
				ASSETCATALOG_COMPILER_APPICON_NAME = AppIcon;
				ASSETCATALOG_COMPILER_GLOBAL_ACCENT_COLOR_NAME = AccentColor;
				CODE_SIGN_STYLE = Automatic;
				CURRENT_PROJECT_VERSION = 1;
				DEVELOPMENT_ASSET_PATHS = "\"Reels/Preview Content\"";
				DEVELOPMENT_TEAM = RGU3N4Q8UU;
				ENABLE_PREVIEWS = YES;
				GENERATE_INFOPLIST_FILE = YES;
				INFOPLIST_KEY_UIApplicationSceneManifest_Generation = YES;
				INFOPLIST_KEY_UIApplicationSupportsIndirectInputEvents = YES;
				INFOPLIST_KEY_UILaunchScreen_Generation = YES;
				INFOPLIST_KEY_UISupportedInterfaceOrientations_iPad = "UIInterfaceOrientationPortrait UIInterfaceOrientationPortraitUpsideDown UIInterfaceOrientationLandscapeLeft UIInterfaceOrientationLandscapeRight";
				INFOPLIST_KEY_UISupportedInterfaceOrientations_iPhone = "UIInterfaceOrientationPortrait UIInterfaceOrientationLandscapeLeft UIInterfaceOrientationLandscapeRight";
				LD_RUNPATH_SEARCH_PATHS = (
					"$(inherited)",
					"@executable_path/Frameworks",
				);
				MARKETING_VERSION = 1.0;
				PRODUCT_BUNDLE_IDENTIFIER = none.Reels;
				PRODUCT_NAME = "$(TARGET_NAME)";
				SWIFT_EMIT_LOC_STRINGS = YES;
				SWIFT_VERSION = 5.0;
				TARGETED_DEVICE_FAMILY = "1,2";
			};
			name = Release;
		};
/* End XCBuildConfiguration section */

/* Begin XCConfigurationList section */
		49BDBA5B2C64DBAA00B3EFD3 /* Build configuration list for PBXProject "Reels" */ = {
			isa = XCConfigurationList;
			buildConfigurations = (
				49BDBA6C2C64DBAC00B3EFD3 /* Debug */,
				49BDBA6D2C64DBAC00B3EFD3 /* Release */,
			);
			defaultConfigurationIsVisible = 0;
			defaultConfigurationName = Release;
		};
		49BDBA6E2C64DBAC00B3EFD3 /* Build configuration list for PBXNativeTarget "Reels" */ = {
			isa = XCConfigurationList;
			buildConfigurations = (
				49BDBA6F2C64DBAC00B3EFD3 /* Debug */,
				49BDBA702C64DBAC00B3EFD3 /* Release */,
			);
			defaultConfigurationIsVisible = 0;
			defaultConfigurationName = Release;
		};
/* End XCConfigurationList section */
	};
	rootObject = 49BDBA582C64DBAA00B3EFD3 /* Project object */;
}
